{
  "name": "k8s",
  "version": "1.0.0",
  "lockfileVersion": 3,
  "requires": true,
  "packages": {
    "": {
      "name": "k8s",
      "version": "1.0.0",
      "license": "ISC",
      "devDependencies": {
        "lefthook": "^2.0.0",
        "prettier": "^3.6.2"
      }
    },
    "node_modules/lefthook": {
      "version": "2.0.11",
      "resolved": "https://registry.npmjs.org/lefthook/-/lefthook-2.0.11.tgz",
      "integrity": "sha512-/91k4dt9MRNkzeSr1iMjNi/z8dNuh+XvNfXrWA6PV+M1ZxiNY6uN6bGnr13n+j7N89f4h7YWBhCqhzhK33M5cA==",
      "dev": true,
      "hasInstallScript": true,
      "license": "MIT",
      "bin": {
        "lefthook": "bin/index.js"
      },
      "optionalDependencies": {
        "lefthook-darwin-arm64": "2.0.11",
        "lefthook-darwin-x64": "2.0.11",
        "lefthook-freebsd-arm64": "2.0.11",
        "lefthook-freebsd-x64": "2.0.11",
        "lefthook-linux-arm64": "2.0.11",
        "lefthook-linux-x64": "2.0.11",
        "lefthook-openbsd-arm64": "2.0.11",
        "lefthook-openbsd-x64": "2.0.11",
        "lefthook-windows-arm64": "2.0.11",
        "lefthook-windows-x64": "2.0.11"
      }
    },
    "node_modules/lefthook-darwin-arm64": {
      "version": "2.0.11",
      "resolved": "https://registry.npmjs.org/lefthook-darwin-arm64/-/lefthook-darwin-arm64-2.0.11.tgz",
      "integrity": "sha512-RfpdcJJQXstdgDiIBDRffncayKiXx+0LyMUCunIxDEO2JMXPpYK2hIdpUU0rkitzptAADchG7u1OXJ31rrtIAA==",
      "cpu": [
        "arm64"
      ],
      "dev": true,
      "license": "MIT",
      "optional": true,
      "os": [
        "darwin"
      ]
    },
    "node_modules/lefthook-darwin-x64": {
      "version": "2.0.11",
      "resolved": "https://registry.npmjs.org/lefthook-darwin-x64/-/lefthook-darwin-x64-2.0.11.tgz",
      "integrity": "sha512-D013UNKQa4FKgpxDMqdaU109U2/Pidtrt9CobQoq8te4eGUglcwxMzuYVTgaYnenz0FgKxSfVaCZsZgwqeMWqA==",
      "cpu": [
        "x64"
      ],
      "dev": true,
      "license": "MIT",
      "optional": true,
      "os": [
        "darwin"
      ]
    },
    "node_modules/lefthook-freebsd-arm64": {
      "version": "2.0.11",
      "resolved": "https://registry.npmjs.org/lefthook-freebsd-arm64/-/lefthook-freebsd-arm64-2.0.11.tgz",
      "integrity": "sha512-mgfNqG1tiJkCuGNwPG0LEfnAHGJA+Qzl6KidOtX/Zhxmj/sM+6hxiP4LOeEAhCnaZF5kuPtQgbFzShFHc2BK6A==",
      "cpu": [
        "arm64"
      ],
      "dev": true,
      "license": "MIT",
      "optional": true,
      "os": [
        "freebsd"
      ]
    },
    "node_modules/lefthook-freebsd-x64": {
      "version": "2.0.11",
      "resolved": "https://registry.npmjs.org/lefthook-freebsd-x64/-/lefthook-freebsd-x64-2.0.11.tgz",
      "integrity": "sha512-rnHOlQbJfLGCibr7yHM44kPNgf/tFpEbj/cWVHRhjRdbgYSCAjJk0uKd/EVo3v/vjfId2na0AhWbLvO/aY3wQQ==",
      "cpu": [
        "x64"
      ],
      "dev": true,
      "license": "MIT",
      "optional": true,
      "os": [
        "freebsd"
      ]
    },
    "node_modules/lefthook-linux-arm64": {
      "version": "2.0.11",
      "resolved": "https://registry.npmjs.org/lefthook-linux-arm64/-/lefthook-linux-arm64-2.0.11.tgz",
      "integrity": "sha512-1XjDo2/4fM0TbJBwxZh8w+WMOFueg9oYHkryM8vc3vp8wTajdWBazg1K37JIS3FUco3tcOs+eWHQg0ekVjpWoA==",
      "cpu": [
        "arm64"
      ],
      "dev": true,
      "license": "MIT",
      "optional": true,
      "os": [
        "linux"
      ]
    },
    "node_modules/lefthook-linux-x64": {
      "version": "2.0.11",
      "resolved": "https://registry.npmjs.org/lefthook-linux-x64/-/lefthook-linux-x64-2.0.11.tgz",
      "integrity": "sha512-OKOcfEvozXhO7+y2xgUzvc2kkqfhluql/sjQSzd8Ka+iK3hM4KCfbfgYx9q61Pjr34a0+i03cuH5DF2dlq/rrg==",
      "cpu": [
        "x64"
      ],
      "dev": true,
      "license": "MIT",
      "optional": true,
      "os": [
        "linux"
      ]
    },
    "node_modules/lefthook-openbsd-arm64": {
      "version": "2.0.11",
      "resolved": "https://registry.npmjs.org/lefthook-openbsd-arm64/-/lefthook-openbsd-arm64-2.0.11.tgz",
      "integrity": "sha512-n1KEx196M3SKaWVNTQXGgxzBsiYAsdAy6Of6I6TAZwPhG7yoRrKGkQrhOlPgMzYl36udG1Lk4D+mfY9T0oOUYQ==",
      "cpu": [
        "arm64"
      ],
      "dev": true,
      "license": "MIT",
      "optional": true,
      "os": [
        "openbsd"
      ]
    },
    "node_modules/lefthook-openbsd-x64": {
      "version": "2.0.11",
      "resolved": "https://registry.npmjs.org/lefthook-openbsd-x64/-/lefthook-openbsd-x64-2.0.11.tgz",
      "integrity": "sha512-WAEtKpYUVvuJMVLA38IBoaPnTNSiaEzvUYxjTBlYTLHJwn7HC2GG6P1cnvoua8rfxb9/Bfi7C3D3IPa9VmB33Q==",
      "cpu": [
        "x64"
      ],
      "dev": true,
      "license": "MIT",
      "optional": true,
      "os": [
        "openbsd"
      ]
    },
    "node_modules/lefthook-windows-arm64": {
      "version": "2.0.11",
      "resolved": "https://registry.npmjs.org/lefthook-windows-arm64/-/lefthook-windows-arm64-2.0.11.tgz",
      "integrity": "sha512-HBqW1qfAnmmbpet7gSWatB6H5YIFdGxCqzolMCLwY/0o8oPFiMwdNE5RGp5JMmhZdz/h3XlbaUlIhnxoW8dk5g==",
      "cpu": [
        "arm64"
      ],
      "dev": true,
      "license": "MIT",
      "optional": true,
      "os": [
        "win32"
      ]
    },
    "node_modules/lefthook-windows-x64": {
      "version": "2.0.11",
      "resolved": "https://registry.npmjs.org/lefthook-windows-x64/-/lefthook-windows-x64-2.0.11.tgz",
      "integrity": "sha512-e5TYmV5cBZfRrhPVFCqjauegLI5CjdAd8exyAbMzGHkiwp3ZK145Su/pntgEP3d+ayS9mpgYPJmXYOSL7WHlyg==",
      "cpu": [
        "x64"
      ],
      "dev": true,
      "license": "MIT",
      "optional": true,
      "os": [
        "win32"
      ]
    },
    "node_modules/prettier": {
      "version": "3.7.4",
      "resolved": "https://registry.npmjs.org/prettier/-/prettier-3.7.4.tgz",
      "integrity": "sha512-v6UNi1+3hSlVvv8fSaoUbggEM5VErKmmpGA7Pl3HF8V6uKY7rvClBOJlH6yNwQtfTueNkGVpOv/mtWL9L4bgRA==",
      "dev": true,
      "license": "MIT",
      "bin": {
        "prettier": "bin/prettier.cjs"
      },
      "engines": {
        "node": ">=14"
      },
      "funding": {
        "url": "https://github.com/prettier/prettier?sponsor=1"
      }
    }
  }
}
