{
  "name": "k8s",
  "version": "1.0.0",
  "lockfileVersion": 3,
  "requires": true,
  "packages": {
    "": {
      "name": "k8s",
      "version": "1.0.0",
      "license": "ISC",
      "devDependencies": {
        "lefthook": "^2.0.0",
        "prettier": "^3.6.2"
      }
    },
    "node_modules/lefthook": {
      "version": "2.0.6",
      "resolved": "https://registry.npmjs.org/lefthook/-/lefthook-2.0.6.tgz",
      "integrity": "sha512-f+3ZVHZsBxfa3nmV2NJVs5k1d9itX+L6Z0uwPhFJOmrybiPy8EdAabDuatS00av8GJFZMdrwgJRh1W+iYYGKPQ==",
      "dev": true,
      "hasInstallScript": true,
      "license": "MIT",
      "bin": {
        "lefthook": "bin/index.js"
      },
      "optionalDependencies": {
        "lefthook-darwin-arm64": "2.0.6",
        "lefthook-darwin-x64": "2.0.6",
        "lefthook-freebsd-arm64": "2.0.6",
        "lefthook-freebsd-x64": "2.0.6",
        "lefthook-linux-arm64": "2.0.6",
        "lefthook-linux-x64": "2.0.6",
        "lefthook-openbsd-arm64": "2.0.6",
        "lefthook-openbsd-x64": "2.0.6",
        "lefthook-windows-arm64": "2.0.6",
        "lefthook-windows-x64": "2.0.6"
      }
    },
    "node_modules/lefthook-darwin-arm64": {
      "version": "2.0.6",
      "resolved": "https://registry.npmjs.org/lefthook-darwin-arm64/-/lefthook-darwin-arm64-2.0.6.tgz",
      "integrity": "sha512-C8fv4e8y00bjBhrEBv23/j7Y69cDpt6qMTg9KhEungfFRwaL7VcOFpShL8wznlxPs5sCZW3NyvSr7Hz4/i0nAw==",
      "cpu": [
        "arm64"
      ],
      "dev": true,
      "license": "MIT",
      "optional": true,
      "os": [
        "darwin"
      ]
    },
    "node_modules/lefthook-darwin-x64": {
      "version": "2.0.6",
      "resolved": "https://registry.npmjs.org/lefthook-darwin-x64/-/lefthook-darwin-x64-2.0.6.tgz",
      "integrity": "sha512-+0Qb16zY75TOdwJT7+PWqcbVL/0uwSHP3rk1txkO7jEZuL28EnfZnnBQ0RywZs+UL5wDoo/QTsFiahta89dOoQ==",
      "cpu": [
        "x64"
      ],
      "dev": true,
      "license": "MIT",
      "optional": true,
      "os": [
        "darwin"
      ]
    },
    "node_modules/lefthook-freebsd-arm64": {
      "version": "2.0.6",
      "resolved": "https://registry.npmjs.org/lefthook-freebsd-arm64/-/lefthook-freebsd-arm64-2.0.6.tgz",
      "integrity": "sha512-dTpGePq0rhy4HJqLyaWog6tu+jgpFHu57DeKcSJoVrrh35CVw3izOUiVXIhDnhWeC3grYJeSalBNElQdShuVcQ==",
      "cpu": [
        "arm64"
      ],
      "dev": true,
      "license": "MIT",
      "optional": true,
      "os": [
        "freebsd"
      ]
    },
    "node_modules/lefthook-freebsd-x64": {
      "version": "2.0.6",
      "resolved": "https://registry.npmjs.org/lefthook-freebsd-x64/-/lefthook-freebsd-x64-2.0.6.tgz",
      "integrity": "sha512-5p0b2vA42b0oIkAzseo7q/frdfu4acGqoXiAn2m9Y0U/4sP45mT3BZH73vpnRIrgvxbbaQ3NUGjqRj4hHlhcGA==",
      "cpu": [
        "x64"
      ],
      "dev": true,
      "license": "MIT",
      "optional": true,
      "os": [
        "freebsd"
      ]
    },
    "node_modules/lefthook-linux-arm64": {
      "version": "2.0.6",
      "resolved": "https://registry.npmjs.org/lefthook-linux-arm64/-/lefthook-linux-arm64-2.0.6.tgz",
      "integrity": "sha512-SjWvxv3VglD+yUVqNx8J21FGO0ILCRWhQ9Dtnmgd6k9zWerjJWnkBqGg4QyzPBKmNA4Ow+NE7rA5i8CaNOxKjw==",
      "cpu": [
        "arm64"
      ],
      "dev": true,
      "license": "MIT",
      "optional": true,
      "os": [
        "linux"
      ]
    },
    "node_modules/lefthook-linux-x64": {
      "version": "2.0.6",
      "resolved": "https://registry.npmjs.org/lefthook-linux-x64/-/lefthook-linux-x64-2.0.6.tgz",
      "integrity": "sha512-pShscMKHtYtn9sUalmm+H1HIdmPeTnonnJsN94zNrDoXKX6RHkeXtIIzbR52aJDpSLfot5tPasnb6AcSJFdsog==",
      "cpu": [
        "x64"
      ],
      "dev": true,
      "license": "MIT",
      "optional": true,
      "os": [
        "linux"
      ]
    },
    "node_modules/lefthook-openbsd-arm64": {
      "version": "2.0.6",
      "resolved": "https://registry.npmjs.org/lefthook-openbsd-arm64/-/lefthook-openbsd-arm64-2.0.6.tgz",
      "integrity": "sha512-Rm/qiRU13X4DUdZ2tZfI4pXNNjSLRyqJOixHygwAT4yiV5byh2UQeMrCfxfD1jPSooCxPholXRIBlmIftnkq1Q==",
      "cpu": [
        "arm64"
      ],
      "dev": true,
      "license": "MIT",
      "optional": true,
      "os": [
        "openbsd"
      ]
    },
    "node_modules/lefthook-openbsd-x64": {
      "version": "2.0.6",
      "resolved": "https://registry.npmjs.org/lefthook-openbsd-x64/-/lefthook-openbsd-x64-2.0.6.tgz",
      "integrity": "sha512-rsw6/ifOwNDfMCveTdDcbSHZBa3J1w6Q1y9N0UGlfRsNP0QApln+3YcS6XPUNSkUyC86X9pDWxa3c96cIld6vw==",
      "cpu": [
        "x64"
      ],
      "dev": true,
      "license": "MIT",
      "optional": true,
      "os": [
        "openbsd"
      ]
    },
    "node_modules/lefthook-windows-arm64": {
      "version": "2.0.6",
      "resolved": "https://registry.npmjs.org/lefthook-windows-arm64/-/lefthook-windows-arm64-2.0.6.tgz",
      "integrity": "sha512-q+uI5Ph964YHY/gXLogKBle9vD0XMI11xIbq1+vXzB+k6js+u4aDJCx0qNLQZtZARkUU47w41nKcDdMnEo9P5g==",
      "cpu": [
        "arm64"
      ],
      "dev": true,
      "license": "MIT",
      "optional": true,
      "os": [
        "win32"
      ]
    },
    "node_modules/lefthook-windows-x64": {
      "version": "2.0.6",
      "resolved": "https://registry.npmjs.org/lefthook-windows-x64/-/lefthook-windows-x64-2.0.6.tgz",
      "integrity": "sha512-3ER329qf1f2vYzhPIVRWGSSuccFx1Oyiv0wtDfvlIM2bHZdmqbsq0A5PbwHOorPgNGwvHUfD3OPXUOK68TRXRQ==",
      "cpu": [
        "x64"
      ],
      "dev": true,
      "license": "MIT",
      "optional": true,
      "os": [
        "win32"
      ]
    },
    "node_modules/prettier": {
      "version": "3.6.2",
      "resolved": "https://registry.npmjs.org/prettier/-/prettier-3.6.2.tgz",
      "integrity": "sha512-I7AIg5boAr5R0FFtJ6rCfD+LFsWHp81dolrFD8S79U9tb8Az2nGrJncnMSnys+bpQJfRUzqs9hnA81OAA3hCuQ==",
      "dev": true,
      "license": "MIT",
      "bin": {
        "prettier": "bin/prettier.cjs"
      },
      "engines": {
        "node": ">=14"
      },
      "funding": {
        "url": "https://github.com/prettier/prettier?sponsor=1"
      }
    }
  }
}
